// !$*UTF8*$!
{
	archiveVersion = 1;
	classes = {
	};
	objectVersion = 56;
	objects = {

/* Begin PBXBuildFile section */
		A21B59B92C61A2890032A053 /* Kingfisher in Frameworks */ = {isa = PBXBuildFile; productRef = A21B59B82C61A2890032A053 /* Kingfisher */; };
		A21B59BB2C61A2A10032A053 /* MoviesLookups in Frameworks */ = {isa = PBXBuildFile; productRef = A21B59BA2C61A2A10032A053 /* MoviesLookups */; };
		A21B59BD2C61A2A50032A053 /* MoviesModule in Frameworks */ = {isa = PBXBuildFile; productRef = A21B59BC2C61A2A50032A053 /* MoviesModule */; };
		A21B59BF2C61A3420032A053 /* Commons in Frameworks */ = {isa = PBXBuildFile; productRef = A21B59BE2C61A3420032A053 /* Commons */; };
		A21B59C12C61A3470032A053 /* MANetwork in Frameworks */ = {isa = PBXBuildFile; productRef = A21B59C02C61A3470032A053 /* MANetwork */; };
		A21B59C52C61A6160032A053 /* MovieDetailsModule in Frameworks */ = {isa = PBXBuildFile; productRef = A21B59C42C61A6160032A053 /* MovieDetailsModule */; };
		A28E37902C6016F1001521F4 /* MoviesList_MVVM_SwiftUIApp.swift in Sources */ = {isa = PBXBuildFile; fileRef = A28E378F2C6016F1001521F4 /* MoviesList_MVVM_SwiftUIApp.swift */; };
		A28E37942C6016F2001521F4 /* Assets.xcassets in Resources */ = {isa = PBXBuildFile; fileRef = A28E37932C6016F2001521F4 /* Assets.xcassets */; };
		A28E37972C6016F2001521F4 /* Preview Assets.xcassets in Resources */ = {isa = PBXBuildFile; fileRef = A28E37962C6016F2001521F4 /* Preview Assets.xcassets */; };
		A28E37F82C605D9C001521F4 /* MoviesCoordinator.swift in Sources */ = {isa = PBXBuildFile; fileRef = A28E37F72C605D9C001521F4 /* MoviesCoordinator.swift */; };
		A28E37FA2C6060ED001521F4 /* MoviesCoordinatorView.swift in Sources */ = {isa = PBXBuildFile; fileRef = A28E37F92C6060ED001521F4 /* MoviesCoordinatorView.swift */; };
/* End PBXBuildFile section */

/* Begin PBXFileReference section */
		A21B59B32C619ED30032A053 /* Commons */ = {isa = PBXFileReference; lastKnownFileType = wrapper; path = Commons; sourceTree = "<group>"; };
		A21B59B42C61A0360032A053 /* MANetwork */ = {isa = PBXFileReference; lastKnownFileType = wrapper; path = MANetwork; sourceTree = "<group>"; };
		A21B59B52C61A14C0032A053 /* MoviesLookups */ = {isa = PBXFileReference; lastKnownFileType = wrapper; path = MoviesLookups; sourceTree = "<group>"; };
		A21B59B62C61A2220032A053 /* MoviesModule */ = {isa = PBXFileReference; lastKnownFileType = wrapper; path = MoviesModule; sourceTree = "<group>"; };
		A21B59C32C61A4F70032A053 /* MovieDetailsModule */ = {isa = PBXFileReference; lastKnownFileType = wrapper; path = MovieDetailsModule; sourceTree = "<group>"; };
		A28E378C2C6016F1001521F4 /* MoviesList-MVVM-SwiftUI.app */ = {isa = PBXFileReference; explicitFileType = wrapper.application; includeInIndex = 0; path = "MoviesList-MVVM-SwiftUI.app"; sourceTree = BUILT_PRODUCTS_DIR; };
		A28E378F2C6016F1001521F4 /* MoviesList_MVVM_SwiftUIApp.swift */ = {isa = PBXFileReference; lastKnownFileType = sourcecode.swift; path = MoviesList_MVVM_SwiftUIApp.swift; sourceTree = "<group>"; };
		A28E37932C6016F2001521F4 /* Assets.xcassets */ = {isa = PBXFileReference; lastKnownFileType = folder.assetcatalog; path = Assets.xcassets; sourceTree = "<group>"; };
		A28E37962C6016F2001521F4 /* Preview Assets.xcassets */ = {isa = PBXFileReference; lastKnownFileType = folder.assetcatalog; path = "Preview Assets.xcassets"; sourceTree = "<group>"; };
		A28E37F72C605D9C001521F4 /* MoviesCoordinator.swift */ = {isa = PBXFileReference; lastKnownFileType = sourcecode.swift; path = MoviesCoordinator.swift; sourceTree = "<group>"; };
		A28E37F92C6060ED001521F4 /* MoviesCoordinatorView.swift */ = {isa = PBXFileReference; lastKnownFileType = sourcecode.swift; path = MoviesCoordinatorView.swift; sourceTree = "<group>"; };
/* End PBXFileReference section */

/* Begin PBXFrameworksBuildPhase section */
		A28E37892C6016F1001521F4 /* Frameworks */ = {
			isa = PBXFrameworksBuildPhase;
			buildActionMask = 2147483647;
			files = (
				A21B59C52C61A6160032A053 /* MovieDetailsModule in Frameworks */,
				A21B59B92C61A2890032A053 /* Kingfisher in Frameworks */,
				A21B59C12C61A3470032A053 /* MANetwork in Frameworks */,
				A21B59BD2C61A2A50032A053 /* MoviesModule in Frameworks */,
				A21B59BB2C61A2A10032A053 /* MoviesLookups in Frameworks */,
				A21B59BF2C61A3420032A053 /* Commons in Frameworks */,
			);
			runOnlyForDeploymentPostprocessing = 0;
		};
/* End PBXFrameworksBuildPhase section */

/* Begin PBXGroup section */
		A28E37832C6016F1001521F4 = {
			isa = PBXGroup;
			children = (
				A21B59B52C61A14C0032A053 /* MoviesLookups */,
				A21B59B42C61A0360032A053 /* MANetwork */,
				A21B59B32C619ED30032A053 /* Commons */,
				A28E378E2C6016F1001521F4 /* MoviesList-MVVM-SwiftUI */,
				A28E378D2C6016F1001521F4 /* Products */,
				A28E38222C6176F3001521F4 /* Frameworks */,
			);
			sourceTree = "<group>";
		};
		A28E378D2C6016F1001521F4 /* Products */ = {
			isa = PBXGroup;
			children = (
				A28E378C2C6016F1001521F4 /* MoviesList-MVVM-SwiftUI.app */,
			);
			name = Products;
			sourceTree = "<group>";
		};
		A28E378E2C6016F1001521F4 /* MoviesList-MVVM-SwiftUI */ = {
			isa = PBXGroup;
			children = (
				A28E378F2C6016F1001521F4 /* MoviesList_MVVM_SwiftUIApp.swift */,
				A28E37BE2C602180001521F4 /* Modules */,
				A28E37932C6016F2001521F4 /* Assets.xcassets */,
				A28E37952C6016F2001521F4 /* Preview Content */,
			);
			path = "MoviesList-MVVM-SwiftUI";
			sourceTree = "<group>";
		};
		A28E37952C6016F2001521F4 /* Preview Content */ = {
			isa = PBXGroup;
			children = (
				A28E37962C6016F2001521F4 /* Preview Assets.xcassets */,
			);
			path = "Preview Content";
			sourceTree = "<group>";
		};
		A28E37BE2C602180001521F4 /* Modules */ = {
			isa = PBXGroup;
			children = (
				A28E37F62C605D82001521F4 /* Coordinator */,
				A21B59B62C61A2220032A053 /* MoviesModule */,
				A21B59C32C61A4F70032A053 /* MovieDetailsModule */,
			);
			path = Modules;
			sourceTree = "<group>";
		};
		A28E37F62C605D82001521F4 /* Coordinator */ = {
			isa = PBXGroup;
			children = (
				A28E37F72C605D9C001521F4 /* MoviesCoordinator.swift */,
				A28E37F92C6060ED001521F4 /* MoviesCoordinatorView.swift */,
			);
			path = Coordinator;
			sourceTree = "<group>";
		};
		A28E38222C6176F3001521F4 /* Frameworks */ = {
			isa = PBXGroup;
			children = (
			);
			name = Frameworks;
			sourceTree = "<group>";
		};
/* End PBXGroup section */

/* Begin PBXNativeTarget section */
		A28E378B2C6016F1001521F4 /* MoviesList-MVVM-SwiftUI */ = {
			isa = PBXNativeTarget;
			buildConfigurationList = A28E379A2C6016F2001521F4 /* Build configuration list for PBXNativeTarget "MoviesList-MVVM-SwiftUI" */;
			buildPhases = (
				A28E37882C6016F1001521F4 /* Sources */,
				A28E37892C6016F1001521F4 /* Frameworks */,
				A28E378A2C6016F1001521F4 /* Resources */,
			);
			buildRules = (
			);
			dependencies = (
			);
			name = "MoviesList-MVVM-SwiftUI";
			packageProductDependencies = (
				A21B59B82C61A2890032A053 /* Kingfisher */,
				A21B59BA2C61A2A10032A053 /* MoviesLookups */,
				A21B59BC2C61A2A50032A053 /* MoviesModule */,
				A21B59BE2C61A3420032A053 /* Commons */,
				A21B59C02C61A3470032A053 /* MANetwork */,
				A21B59C42C61A6160032A053 /* MovieDetailsModule */,
			);
			productName = "MoviesList-MVVM-SwiftUI";
			productReference = A28E378C2C6016F1001521F4 /* MoviesList-MVVM-SwiftUI.app */;
			productType = "com.apple.product-type.application";
		};
/* End PBXNativeTarget section */

/* Begin PBXProject section */
		A28E37842C6016F1001521F4 /* Project object */ = {
			isa = PBXProject;
			attributes = {
				BuildIndependentTargetsInParallel = 1;
				LastSwiftUpdateCheck = 1530;
				LastUpgradeCheck = 1530;
				TargetAttributes = {
					A28E378B2C6016F1001521F4 = {
						CreatedOnToolsVersion = 15.3;
					};
				};
			};
			buildConfigurationList = A28E37872C6016F1001521F4 /* Build configuration list for PBXProject "MoviesList-MVVM-SwiftUI" */;
			compatibilityVersion = "Xcode 14.0";
			developmentRegion = en;
			hasScannedForEncodings = 0;
			knownRegions = (
				en,
				Base,
			);
			mainGroup = A28E37832C6016F1001521F4;
			packageReferences = (
				A21B59B72C61A2890032A053 /* XCRemoteSwiftPackageReference "Kingfisher" */,
			);
			productRefGroup = A28E378D2C6016F1001521F4 /* Products */;
			projectDirPath = "";
			projectRoot = "";
			targets = (
				A28E378B2C6016F1001521F4 /* MoviesList-MVVM-SwiftUI */,
			);
		};
/* End PBXProject section */

/* Begin PBXResourcesBuildPhase section */
		A28E378A2C6016F1001521F4 /* Resources */ = {
			isa = PBXResourcesBuildPhase;
			buildActionMask = 2147483647;
			files = (
				A28E37972C6016F2001521F4 /* Preview Assets.xcassets in Resources */,
				A28E37942C6016F2001521F4 /* Assets.xcassets in Resources */,
			);
			runOnlyForDeploymentPostprocessing = 0;
		};
/* End PBXResourcesBuildPhase section */

/* Begin PBXSourcesBuildPhase section */
		A28E37882C6016F1001521F4 /* Sources */ = {
			isa = PBXSourcesBuildPhase;
			buildActionMask = 2147483647;
			files = (
				A28E37F82C605D9C001521F4 /* MoviesCoordinator.swift in Sources */,
				A28E37FA2C6060ED001521F4 /* MoviesCoordinatorView.swift in Sources */,
				A28E37902C6016F1001521F4 /* MoviesList_MVVM_SwiftUIApp.swift in Sources */,
			);
			runOnlyForDeploymentPostprocessing = 0;
		};
/* End PBXSourcesBuildPhase section */

/* Begin XCBuildConfiguration section */
		A28E37982C6016F2001521F4 /* Debug */ = {
			isa = XCBuildConfiguration;
			buildSettings = {
				ALWAYS_SEARCH_USER_PATHS = NO;
				ASSETCATALOG_COMPILER_GENERATE_SWIFT_ASSET_SYMBOL_EXTENSIONS = YES;
				CLANG_ANALYZER_NONNULL = YES;
				CLANG_ANALYZER_NUMBER_OBJECT_CONVERSION = YES_AGGRESSIVE;
				CLANG_CXX_LANGUAGE_STANDARD = "gnu++20";
				CLANG_ENABLE_MODULES = YES;
				CLANG_ENABLE_OBJC_ARC = YES;
				CLANG_ENABLE_OBJC_WEAK = YES;
				CLANG_WARN_BLOCK_CAPTURE_AUTORELEASING = YES;
				CLANG_WARN_BOOL_CONVERSION = YES;
				CLANG_WARN_COMMA = YES;
				CLANG_WARN_CONSTANT_CONVERSION = YES;
				CLANG_WARN_DEPRECATED_OBJC_IMPLEMENTATIONS = YES;
				CLANG_WARN_DIRECT_OBJC_ISA_USAGE = YES_ERROR;
				CLANG_WARN_DOCUMENTATION_COMMENTS = YES;
				CLANG_WARN_EMPTY_BODY = YES;
				CLANG_WARN_ENUM_CONVERSION = YES;
				CLANG_WARN_INFINITE_RECURSION = YES;
				CLANG_WARN_INT_CONVERSION = YES;
				CLANG_WARN_NON_LITERAL_NULL_CONVERSION = YES;
				CLANG_WARN_OBJC_IMPLICIT_RETAIN_SELF = YES;
				CLANG_WARN_OBJC_LITERAL_CONVERSION = YES;
				CLANG_WARN_OBJC_ROOT_CLASS = YES_ERROR;
				CLANG_WARN_QUOTED_INCLUDE_IN_FRAMEWORK_HEADER = YES;
				CLANG_WARN_RANGE_LOOP_ANALYSIS = YES;
				CLANG_WARN_STRICT_PROTOTYPES = YES;
				CLANG_WARN_SUSPICIOUS_MOVE = YES;
				CLANG_WARN_UNGUARDED_AVAILABILITY = YES_AGGRESSIVE;
				CLANG_WARN_UNREACHABLE_CODE = YES;
				CLANG_WARN__DUPLICATE_METHOD_MATCH = YES;
				COPY_PHASE_STRIP = NO;
				DEBUG_INFORMATION_FORMAT = dwarf;
				ENABLE_STRICT_OBJC_MSGSEND = YES;
				ENABLE_TESTABILITY = YES;
				ENABLE_USER_SCRIPT_SANDBOXING = YES;
				GCC_C_LANGUAGE_STANDARD = gnu17;
				GCC_DYNAMIC_NO_PIC = NO;
				GCC_NO_COMMON_BLOCKS = YES;
				GCC_OPTIMIZATION_LEVEL = 0;
				GCC_PREPROCESSOR_DEFINITIONS = (
					"DEBUG=1",
					"$(inherited)",
				);
				GCC_WARN_64_TO_32_BIT_CONVERSION = YES;
				GCC_WARN_ABOUT_RETURN_TYPE = YES_ERROR;
				GCC_WARN_UNDECLARED_SELECTOR = YES;
				GCC_WARN_UNINITIALIZED_AUTOS = YES_AGGRESSIVE;
				GCC_WARN_UNUSED_FUNCTION = YES;
				GCC_WARN_UNUSED_VARIABLE = YES;
				IPHONEOS_DEPLOYMENT_TARGET = 17.4;
				LOCALIZATION_PREFERS_STRING_CATALOGS = YES;
				MTL_ENABLE_DEBUG_INFO = INCLUDE_SOURCE;
				MTL_FAST_MATH = YES;
				ONLY_ACTIVE_ARCH = YES;
				SDKROOT = iphoneos;
				SWIFT_ACTIVE_COMPILATION_CONDITIONS = "DEBUG $(inherited)";
				SWIFT_OPTIMIZATION_LEVEL = "-Onone";
			};
			name = Debug;
		};
		A28E37992C6016F2001521F4 /* Release */ = {
			isa = XCBuildConfiguration;
			buildSettings = {
				ALWAYS_SEARCH_USER_PATHS = NO;
				ASSETCATALOG_COMPILER_GENERATE_SWIFT_ASSET_SYMBOL_EXTENSIONS = YES;
				CLANG_ANALYZER_NONNULL = YES;
				CLANG_ANALYZER_NUMBER_OBJECT_CONVERSION = YES_AGGRESSIVE;
				CLANG_CXX_LANGUAGE_STANDARD = "gnu++20";
				CLANG_ENABLE_MODULES = YES;
				CLANG_ENABLE_OBJC_ARC = YES;
				CLANG_ENABLE_OBJC_WEAK = YES;
				CLANG_WARN_BLOCK_CAPTURE_AUTORELEASING = YES;
				CLANG_WARN_BOOL_CONVERSION = YES;
				CLANG_WARN_COMMA = YES;
				CLANG_WARN_CONSTANT_CONVERSION = YES;
				CLANG_WARN_DEPRECATED_OBJC_IMPLEMENTATIONS = YES;
				CLANG_WARN_DIRECT_OBJC_ISA_USAGE = YES_ERROR;
				CLANG_WARN_DOCUMENTATION_COMMENTS = YES;
				CLANG_WARN_EMPTY_BODY = YES;
				CLANG_WARN_ENUM_CONVERSION = YES;
				CLANG_WARN_INFINITE_RECURSION = YES;
				CLANG_WARN_INT_CONVERSION = YES;
				CLANG_WARN_NON_LITERAL_NULL_CONVERSION = YES;
				CLANG_WARN_OBJC_IMPLICIT_RETAIN_SELF = YES;
				CLANG_WARN_OBJC_LITERAL_CONVERSION = YES;
				CLANG_WARN_OBJC_ROOT_CLASS = YES_ERROR;
				CLANG_WARN_QUOTED_INCLUDE_IN_FRAMEWORK_HEADER = YES;
				CLANG_WARN_RANGE_LOOP_ANALYSIS = YES;
				CLANG_WARN_STRICT_PROTOTYPES = YES;
				CLANG_WARN_SUSPICIOUS_MOVE = YES;
				CLANG_WARN_UNGUARDED_AVAILABILITY = YES_AGGRESSIVE;
				CLANG_WARN_UNREACHABLE_CODE = YES;
				CLANG_WARN__DUPLICATE_METHOD_MATCH = YES;
				COPY_PHASE_STRIP = NO;
				DEBUG_INFORMATION_FORMAT = "dwarf-with-dsym";
				ENABLE_NS_ASSERTIONS = NO;
				ENABLE_STRICT_OBJC_MSGSEND = YES;
				ENABLE_USER_SCRIPT_SANDBOXING = YES;
				GCC_C_LANGUAGE_STANDARD = gnu17;
				GCC_NO_COMMON_BLOCKS = YES;
				GCC_WARN_64_TO_32_BIT_CONVERSION = YES;
				GCC_WARN_ABOUT_RETURN_TYPE = YES_ERROR;
				GCC_WARN_UNDECLARED_SELECTOR = YES;
				GCC_WARN_UNINITIALIZED_AUTOS = YES_AGGRESSIVE;
				GCC_WARN_UNUSED_FUNCTION = YES;
				GCC_WARN_UNUSED_VARIABLE = YES;
				IPHONEOS_DEPLOYMENT_TARGET = 17.4;
				LOCALIZATION_PREFERS_STRING_CATALOGS = YES;
				MTL_ENABLE_DEBUG_INFO = NO;
				MTL_FAST_MATH = YES;
				SDKROOT = iphoneos;
				SWIFT_COMPILATION_MODE = wholemodule;
				VALIDATE_PRODUCT = YES;
			};
			name = Release;
		};
		A28E379B2C6016F2001521F4 /* Debug */ = {
			isa = XCBuildConfiguration;
			buildSettings = {
				ASSETCATALOG_COMPILER_APPICON_NAME = AppIcon;
				ASSETCATALOG_COMPILER_GLOBAL_ACCENT_COLOR_NAME = AccentColor;
				CODE_SIGN_STYLE = Automatic;
				CURRENT_PROJECT_VERSION = 1;
				DEVELOPMENT_ASSET_PATHS = "\"MoviesList-MVVM-SwiftUI/Preview Content\"";
				DEVELOPMENT_TEAM = 6GY6SSRWWX;
				ENABLE_PREVIEWS = YES;
				GENERATE_INFOPLIST_FILE = YES;
				INFOPLIST_KEY_UIApplicationSceneManifest_Generation = YES;
				INFOPLIST_KEY_UIApplicationSupportsIndirectInputEvents = YES;
				INFOPLIST_KEY_UILaunchScreen_Generation = YES;
				INFOPLIST_KEY_UISupportedInterfaceOrientations_iPad = "UIInterfaceOrientationPortrait UIInterfaceOrientationPortraitUpsideDown UIInterfaceOrientationLandscapeLeft UIInterfaceOrientationLandscapeRight";
				INFOPLIST_KEY_UISupportedInterfaceOrientations_iPhone = "UIInterfaceOrientationPortrait UIInterfaceOrientationLandscapeLeft UIInterfaceOrientationLandscapeRight";
				LD_RUNPATH_SEARCH_PATHS = (
					"$(inherited)",
					"@executable_path/Frameworks",
				);
				MARKETING_VERSION = 1.0;
				PRODUCT_BUNDLE_IDENTIFIER = "com.Menaim.MoviesList-MVVM-SwiftUI";
				PRODUCT_NAME = "$(TARGET_NAME)";
				SWIFT_EMIT_LOC_STRINGS = YES;
				SWIFT_VERSION = 5.0;
				TARGETED_DEVICE_FAMILY = "1,2";
			};
			name = Debug;
		};
		A28E379C2C6016F2001521F4 /* Release */ = {
			isa = XCBuildConfiguration;
			buildSettings = {
				ASSETCATALOG_COMPILER_APPICON_NAME = AppIcon;
				ASSETCATALOG_COMPILER_GLOBAL_ACCENT_COLOR_NAME = AccentColor;
				CODE_SIGN_STYLE = Automatic;
				CURRENT_PROJECT_VERSION = 1;
				DEVELOPMENT_ASSET_PATHS = "\"MoviesList-MVVM-SwiftUI/Preview Content\"";
				DEVELOPMENT_TEAM = 6GY6SSRWWX;
				ENABLE_PREVIEWS = YES;
				GENERATE_INFOPLIST_FILE = YES;
				INFOPLIST_KEY_UIApplicationSceneManifest_Generation = YES;
				INFOPLIST_KEY_UIApplicationSupportsIndirectInputEvents = YES;
				INFOPLIST_KEY_UILaunchScreen_Generation = YES;
				INFOPLIST_KEY_UISupportedInterfaceOrientations_iPad = "UIInterfaceOrientationPortrait UIInterfaceOrientationPortraitUpsideDown UIInterfaceOrientationLandscapeLeft UIInterfaceOrientationLandscapeRight";
				INFOPLIST_KEY_UISupportedInterfaceOrientations_iPhone = "UIInterfaceOrientationPortrait UIInterfaceOrientationLandscapeLeft UIInterfaceOrientationLandscapeRight";
				LD_RUNPATH_SEARCH_PATHS = (
					"$(inherited)",
					"@executable_path/Frameworks",
				);
				MARKETING_VERSION = 1.0;
				PRODUCT_BUNDLE_IDENTIFIER = "com.Menaim.MoviesList-MVVM-SwiftUI";
				PRODUCT_NAME = "$(TARGET_NAME)";
				SWIFT_EMIT_LOC_STRINGS = YES;
				SWIFT_VERSION = 5.0;
				TARGETED_DEVICE_FAMILY = "1,2";
			};
			name = Release;
		};
/* End XCBuildConfiguration section */

/* Begin XCConfigurationList section */
		A28E37872C6016F1001521F4 /* Build configuration list for PBXProject "MoviesList-MVVM-SwiftUI" */ = {
			isa = XCConfigurationList;
			buildConfigurations = (
				A28E37982C6016F2001521F4 /* Debug */,
				A28E37992C6016F2001521F4 /* Release */,
			);
			defaultConfigurationIsVisible = 0;
			defaultConfigurationName = Release;
		};
		A28E379A2C6016F2001521F4 /* Build configuration list for PBXNativeTarget "MoviesList-MVVM-SwiftUI" */ = {
			isa = XCConfigurationList;
			buildConfigurations = (
				A28E379B2C6016F2001521F4 /* Debug */,
				A28E379C2C6016F2001521F4 /* Release */,
			);
			defaultConfigurationIsVisible = 0;
			defaultConfigurationName = Release;
		};
/* End XCConfigurationList section */

/* Begin XCRemoteSwiftPackageReference section */
		A21B59B72C61A2890032A053 /* XCRemoteSwiftPackageReference "Kingfisher" */ = {
			isa = XCRemoteSwiftPackageReference;
			repositoryURL = "https://github.com/onevcat/Kingfisher";
			requirement = {
				kind = upToNextMajorVersion;
				minimumVersion = 7.12.0;
			};
		};
/* End XCRemoteSwiftPackageReference section */

/* Begin XCSwiftPackageProductDependency section */
		A21B59B82C61A2890032A053 /* Kingfisher */ = {
			isa = XCSwiftPackageProductDependency;
			package = A21B59B72C61A2890032A053 /* XCRemoteSwiftPackageReference "Kingfisher" */;
			productName = Kingfisher;
		};
		A21B59BA2C61A2A10032A053 /* MoviesLookups */ = {
			isa = XCSwiftPackageProductDependency;
			productName = MoviesLookups;
		};
		A21B59BC2C61A2A50032A053 /* MoviesModule */ = {
			isa = XCSwiftPackageProductDependency;
			productName = MoviesModule;
		};
		A21B59BE2C61A3420032A053 /* Commons */ = {
			isa = XCSwiftPackageProductDependency;
			productName = Commons;
		};
		A21B59C02C61A3470032A053 /* MANetwork */ = {
			isa = XCSwiftPackageProductDependency;
			productName = MANetwork;
		};
		A21B59C42C61A6160032A053 /* MovieDetailsModule */ = {
			isa = XCSwiftPackageProductDependency;
			productName = MovieDetailsModule;
		};
/* End XCSwiftPackageProductDependency section */
	};
	rootObject = A28E37842C6016F1001521F4 /* Project object */;
}
